
Microsoft Visual Studio Solution File, Format Version 12.00
# Visual Studio 15
VisualStudioVersion = 15.0.27703.2035
MinimumVisualStudioVersion = 10.0.40219.1
Project("{FAE04EC0-301F-11D3-BF4B-00C04F79EFBC}") = "ConsoleOutput", "ConsoleOutput\ConsoleOutput.csproj", "{13B11675-BBFD-4A44-830C-6700BF9A8DB4}"
EndProject
Project("{FAE04EC0-301F-11D3-BF4B-00C04F79EFBC}") = "TracerLib", "TracerLib\TracerLib.csproj", "{63922832-C115-4338-9178-F8FB753CE93A}"
EndProject
Project("{FAE04EC0-301F-11D3-BF4B-00C04F79EFBC}") = "UnitTest", "UnitTest\UnitTest.csproj", "{4C9605C2-5A2C-45B6-AFC9-18FC433C8518}"
EndProject
Global
	GlobalSection(SolutionConfigurationPlatforms) = preSolution
		Debug|Any CPU = Debug|Any CPU
		Release|Any CPU = Release|Any CPU
	EndGlobalSection
	GlobalSection(ProjectConfigurationPlatforms) = postSolution
		{13B11675-BBFD-4A44-830C-6700BF9A8DB4}.Debug|Any CPU.ActiveCfg = Debug|Any CPU
		{13B11675-BBFD-4A44-830C-6700BF9A8DB4}.Debug|Any CPU.Build.0 = Debug|Any CPU
		{13B11675-BBFD-4A44-830C-6700BF9A8DB4}.Release|Any CPU.ActiveCfg = Release|Any CPU
		{13B11675-BBFD-4A44-830C-6700BF9A8DB4}.Release|Any CPU.Build.0 = Release|Any CPU
		{63922832-C115-4338-9178-F8FB753CE93A}.Debug|Any CPU.ActiveCfg = Debug|Any CPU
		{63922832-C115-4338-9178-F8FB753CE93A}.Debug|Any CPU.Build.0 = Debug|Any CPU
		{63922832-C115-4338-9178-F8FB753CE93A}.Release|Any CPU.ActiveCfg = Release|Any CPU
		{63922832-C115-4338-9178-F8FB753CE93A}.Release|Any CPU.Build.0 = Release|Any CPU
		{4C9605C2-5A2C-45B6-AFC9-18FC433C8518}.Debug|Any CPU.ActiveCfg = Debug|Any CPU
		{4C9605C2-5A2C-45B6-AFC9-18FC433C8518}.Debug|Any CPU.Build.0 = Debug|Any CPU
		{4C9605C2-5A2C-45B6-AFC9-18FC433C8518}.Release|Any CPU.ActiveCfg = Release|Any CPU
		{4C9605C2-5A2C-45B6-AFC9-18FC433C8518}.Release|Any CPU.Build.0 = Release|Any CPU
	EndGlobalSection
	GlobalSection(SolutionProperties) = preSolution
		HideSolutionNode = FALSE
	EndGlobalSection
	GlobalSection(ExtensibilityGlobals) = postSolution
		SolutionGuid = {14C16C74-3F0C-49EC-A5DD-7B98616B0AB2}
	EndGlobalSection
EndGlobal
